
Microsoft Visual Studio Solution File, Format Version 12.00
# Visual Studio Version 16
VisualStudioVersion = 16.0.31019.35
MinimumVisualStudioVersion = 10.0.40219.1
Project("{2150E333-8FDC-42A3-9474-1A3956D46DE8}") = "Services", "Services", "{4C60D6A9-671E-4727-BA11-39BB94FB3DD4}"
EndProject
Project("{2150E333-8FDC-42A3-9474-1A3956D46DE8}") = "Catalog", "Catalog", "{893C6985-762E-4104-8F3D-0217451A739B}"
EndProject
Project("{9A19103F-16F7-4668-BE54-9A1E7A4F7556}") = "Catalog.API", "Services\Catalog\Catalog.API\Catalog.API.csproj", "{A2C7ADED-8C04-46E0-A3A5-5844A74346C3}"
EndProject
Project("{E53339B2-1760-4266-BCC7-CA923CBCF16C}") = "docker-compose", "docker-compose.dcproj", "{1FBA86CF-0616-4620-8AA5-EE880AF72BFA}"
EndProject
Project("{2150E333-8FDC-42A3-9474-1A3956D46DE8}") = "Basket", "Basket", "{0E113B31-8DD9-4614-8604-827F22548B9D}"
EndProject
Project("{9A19103F-16F7-4668-BE54-9A1E7A4F7556}") = "Basket.API", "Services\Basket\Basket.API\Basket.API.csproj", "{938F4638-113D-4F91-AAB8-67672BA585E7}"
EndProject
Project("{2150E333-8FDC-42A3-9474-1A3956D46DE8}") = "Discount", "Discount", "{53306EDB-2FDF-4879-80BC-FEA1BFA49C77}"
EndProject
Project("{9A19103F-16F7-4668-BE54-9A1E7A4F7556}") = "Discount.API", "Services\Discount\Discount.API\Discount.API.csproj", "{8FB2F9F4-5B9A-4271-8D01-37A43662550E}"
EndProject
Project("{9A19103F-16F7-4668-BE54-9A1E7A4F7556}") = "Discount.Grpc", "Services\Discount\Discount.Grpc\Discount.Grpc.csproj", "{38449EB9-167C-41BC-AAAB-32654F49A698}"
EndProject
Project("{2150E333-8FDC-42A3-9474-1A3956D46DE8}") = "Ordering", "Ordering", "{4BD02F59-AB19-4CC7-BBEC-731315535D5A}"
EndProject
Project("{9A19103F-16F7-4668-BE54-9A1E7A4F7556}") = "Ordering.API", "Services\Ordering\Ordering.API\Ordering.API.csproj", "{4478EA36-2310-45F1-9893-9B776E6CF17C}"
EndProject
Project("{9A19103F-16F7-4668-BE54-9A1E7A4F7556}") = "Ordering.Domain", "Services\Ordering\Ordering.Domain\Ordering.Domain.csproj", "{15A32EF4-8BDD-4C0E-AF6D-2DC46C4546BA}"
EndProject
Project("{9A19103F-16F7-4668-BE54-9A1E7A4F7556}") = "Ordering.Application", "Services\Ordering\Ordering.Application\Ordering.Application.csproj", "{AA7C82DE-DF9D-4600-AB90-5DFBAF7DB6D1}"
EndProject
Project("{9A19103F-16F7-4668-BE54-9A1E7A4F7556}") = "Ordering.Infrastructure", "Services\Ordering\Ordering.Infrastructure\Ordering.Infrastructure.csproj", "{EFA2F80F-1676-402F-AC48-B2C99C9178E0}"
EndProject
Project("{2150E333-8FDC-42A3-9474-1A3956D46DE8}") = "BuildingBlocks", "BuildingBlocks", "{661BFC1D-857F-4664-8875-6FA239A72AF9}"
EndProject
Project("{9A19103F-16F7-4668-BE54-9A1E7A4F7556}") = "EventBus.Message", "BuildingBlocks\EventBus.Message\EventBus.Message.csproj", "{C81023BE-1C7F-4C50-AFEC-E22FC6EA4A3A}"
EndProject
Project("{2150E333-8FDC-42A3-9474-1A3956D46DE8}") = "ApiGateways", "ApiGateways", "{679AA390-094C-4F89-81BB-8A925BCF7269}"
EndProject
Project("{FAE04EC0-301F-11D3-BF4B-00C04F79EFBC}") = "OcelotAPIGw", "ApiGateways\OcelotAPIGw\OcelotAPIGw.csproj", "{9B92E8A7-D455-4C9C-9B2A-D9D937C70953}"
EndProject
Project("{FAE04EC0-301F-11D3-BF4B-00C04F79EFBC}") = "Shopping.Aggregator", "ApiGateways\Shopping.Aggregator\Shopping.Aggregator.csproj", "{4EB99170-4B25-467E-8D35-5DD93A6EB311}"
EndProject
Global
	GlobalSection(SolutionConfigurationPlatforms) = preSolution
		Debug|Any CPU = Debug|Any CPU
		Release|Any CPU = Release|Any CPU
	EndGlobalSection
	GlobalSection(ProjectConfigurationPlatforms) = postSolution
		{A2C7ADED-8C04-46E0-A3A5-5844A74346C3}.Debug|Any CPU.ActiveCfg = Debug|Any CPU
		{A2C7ADED-8C04-46E0-A3A5-5844A74346C3}.Debug|Any CPU.Build.0 = Debug|Any CPU
		{A2C7ADED-8C04-46E0-A3A5-5844A74346C3}.Release|Any CPU.ActiveCfg = Release|Any CPU
		{A2C7ADED-8C04-46E0-A3A5-5844A74346C3}.Release|Any CPU.Build.0 = Release|Any CPU
		{1FBA86CF-0616-4620-8AA5-EE880AF72BFA}.Debug|Any CPU.ActiveCfg = Debug|Any CPU
		{1FBA86CF-0616-4620-8AA5-EE880AF72BFA}.Debug|Any CPU.Build.0 = Debug|Any CPU
		{1FBA86CF-0616-4620-8AA5-EE880AF72BFA}.Release|Any CPU.ActiveCfg = Release|Any CPU
		{1FBA86CF-0616-4620-8AA5-EE880AF72BFA}.Release|Any CPU.Build.0 = Release|Any CPU
		{938F4638-113D-4F91-AAB8-67672BA585E7}.Debug|Any CPU.ActiveCfg = Debug|Any CPU
		{938F4638-113D-4F91-AAB8-67672BA585E7}.Debug|Any CPU.Build.0 = Debug|Any CPU
		{938F4638-113D-4F91-AAB8-67672BA585E7}.Release|Any CPU.ActiveCfg = Release|Any CPU
		{938F4638-113D-4F91-AAB8-67672BA585E7}.Release|Any CPU.Build.0 = Release|Any CPU
		{8FB2F9F4-5B9A-4271-8D01-37A43662550E}.Debug|Any CPU.ActiveCfg = Debug|Any CPU
		{8FB2F9F4-5B9A-4271-8D01-37A43662550E}.Debug|Any CPU.Build.0 = Debug|Any CPU
		{8FB2F9F4-5B9A-4271-8D01-37A43662550E}.Release|Any CPU.ActiveCfg = Release|Any CPU
		{8FB2F9F4-5B9A-4271-8D01-37A43662550E}.Release|Any CPU.Build.0 = Release|Any CPU
		{38449EB9-167C-41BC-AAAB-32654F49A698}.Debug|Any CPU.ActiveCfg = Debug|Any CPU
		{38449EB9-167C-41BC-AAAB-32654F49A698}.Debug|Any CPU.Build.0 = Debug|Any CPU
		{38449EB9-167C-41BC-AAAB-32654F49A698}.Release|Any CPU.ActiveCfg = Release|Any CPU
		{38449EB9-167C-41BC-AAAB-32654F49A698}.Release|Any CPU.Build.0 = Release|Any CPU
		{4478EA36-2310-45F1-9893-9B776E6CF17C}.Debug|Any CPU.ActiveCfg = Debug|Any CPU
		{4478EA36-2310-45F1-9893-9B776E6CF17C}.Debug|Any CPU.Build.0 = Debug|Any CPU
		{4478EA36-2310-45F1-9893-9B776E6CF17C}.Release|Any CPU.ActiveCfg = Release|Any CPU
		{4478EA36-2310-45F1-9893-9B776E6CF17C}.Release|Any CPU.Build.0 = Release|Any CPU
		{15A32EF4-8BDD-4C0E-AF6D-2DC46C4546BA}.Debug|Any CPU.ActiveCfg = Debug|Any CPU
		{15A32EF4-8BDD-4C0E-AF6D-2DC46C4546BA}.Debug|Any CPU.Build.0 = Debug|Any CPU
		{15A32EF4-8BDD-4C0E-AF6D-2DC46C4546BA}.Release|Any CPU.ActiveCfg = Release|Any CPU
		{15A32EF4-8BDD-4C0E-AF6D-2DC46C4546BA}.Release|Any CPU.Build.0 = Release|Any CPU
		{AA7C82DE-DF9D-4600-AB90-5DFBAF7DB6D1}.Debug|Any CPU.ActiveCfg = Debug|Any CPU
		{AA7C82DE-DF9D-4600-AB90-5DFBAF7DB6D1}.Debug|Any CPU.Build.0 = Debug|Any CPU
		{AA7C82DE-DF9D-4600-AB90-5DFBAF7DB6D1}.Release|Any CPU.ActiveCfg = Release|Any CPU
		{AA7C82DE-DF9D-4600-AB90-5DFBAF7DB6D1}.Release|Any CPU.Build.0 = Release|Any CPU
		{EFA2F80F-1676-402F-AC48-B2C99C9178E0}.Debug|Any CPU.ActiveCfg = Debug|Any CPU
		{EFA2F80F-1676-402F-AC48-B2C99C9178E0}.Debug|Any CPU.Build.0 = Debug|Any CPU
		{EFA2F80F-1676-402F-AC48-B2C99C9178E0}.Release|Any CPU.ActiveCfg = Release|Any CPU
		{EFA2F80F-1676-402F-AC48-B2C99C9178E0}.Release|Any CPU.Build.0 = Release|Any CPU
		{C81023BE-1C7F-4C50-AFEC-E22FC6EA4A3A}.Debug|Any CPU.ActiveCfg = Debug|Any CPU
		{C81023BE-1C7F-4C50-AFEC-E22FC6EA4A3A}.Debug|Any CPU.Build.0 = Debug|Any CPU
		{C81023BE-1C7F-4C50-AFEC-E22FC6EA4A3A}.Release|Any CPU.ActiveCfg = Release|Any CPU
		{C81023BE-1C7F-4C50-AFEC-E22FC6EA4A3A}.Release|Any CPU.Build.0 = Release|Any CPU
		{9B92E8A7-D455-4C9C-9B2A-D9D937C70953}.Debug|Any CPU.ActiveCfg = Debug|Any CPU
		{9B92E8A7-D455-4C9C-9B2A-D9D937C70953}.Debug|Any CPU.Build.0 = Debug|Any CPU
		{9B92E8A7-D455-4C9C-9B2A-D9D937C70953}.Release|Any CPU.ActiveCfg = Release|Any CPU
		{9B92E8A7-D455-4C9C-9B2A-D9D937C70953}.Release|Any CPU.Build.0 = Release|Any CPU
		{4EB99170-4B25-467E-8D35-5DD93A6EB311}.Debug|Any CPU.ActiveCfg = Debug|Any CPU
		{4EB99170-4B25-467E-8D35-5DD93A6EB311}.Debug|Any CPU.Build.0 = Debug|Any CPU
		{4EB99170-4B25-467E-8D35-5DD93A6EB311}.Release|Any CPU.ActiveCfg = Release|Any CPU
		{4EB99170-4B25-467E-8D35-5DD93A6EB311}.Release|Any CPU.Build.0 = Release|Any CPU
	EndGlobalSection
	GlobalSection(SolutionProperties) = preSolution
		HideSolutionNode = FALSE
	EndGlobalSection
	GlobalSection(NestedProjects) = preSolution
		{893C6985-762E-4104-8F3D-0217451A739B} = {4C60D6A9-671E-4727-BA11-39BB94FB3DD4}
		{A2C7ADED-8C04-46E0-A3A5-5844A74346C3} = {893C6985-762E-4104-8F3D-0217451A739B}
		{0E113B31-8DD9-4614-8604-827F22548B9D} = {4C60D6A9-671E-4727-BA11-39BB94FB3DD4}
		{938F4638-113D-4F91-AAB8-67672BA585E7} = {0E113B31-8DD9-4614-8604-827F22548B9D}
		{53306EDB-2FDF-4879-80BC-FEA1BFA49C77} = {4C60D6A9-671E-4727-BA11-39BB94FB3DD4}
		{8FB2F9F4-5B9A-4271-8D01-37A43662550E} = {53306EDB-2FDF-4879-80BC-FEA1BFA49C77}
		{38449EB9-167C-41BC-AAAB-32654F49A698} = {53306EDB-2FDF-4879-80BC-FEA1BFA49C77}
		{4BD02F59-AB19-4CC7-BBEC-731315535D5A} = {4C60D6A9-671E-4727-BA11-39BB94FB3DD4}
		{4478EA36-2310-45F1-9893-9B776E6CF17C} = {4BD02F59-AB19-4CC7-BBEC-731315535D5A}
		{15A32EF4-8BDD-4C0E-AF6D-2DC46C4546BA} = {4BD02F59-AB19-4CC7-BBEC-731315535D5A}
		{AA7C82DE-DF9D-4600-AB90-5DFBAF7DB6D1} = {4BD02F59-AB19-4CC7-BBEC-731315535D5A}
		{EFA2F80F-1676-402F-AC48-B2C99C9178E0} = {4BD02F59-AB19-4CC7-BBEC-731315535D5A}
		{C81023BE-1C7F-4C50-AFEC-E22FC6EA4A3A} = {661BFC1D-857F-4664-8875-6FA239A72AF9}
		{9B92E8A7-D455-4C9C-9B2A-D9D937C70953} = {679AA390-094C-4F89-81BB-8A925BCF7269}
		{4EB99170-4B25-467E-8D35-5DD93A6EB311} = {679AA390-094C-4F89-81BB-8A925BCF7269}
	EndGlobalSection
	GlobalSection(ExtensibilityGlobals) = postSolution
		SolutionGuid = {80E38A8F-AF36-4A36-8B78-79679D2F2886}
	EndGlobalSection
EndGlobal
